# This file is generated by running "yarn install" inside your project.
# Manual changes might be lost - proceed with caution!

__metadata:
  version: 5
  cacheKey: 8

"@openshift-org/dynamic-plugin-sdk-runtime@workspace:packages/lib-runtime":
  version: 0.0.0-use.local
  resolution: "@openshift-org/dynamic-plugin-sdk-runtime@workspace:packages/lib-runtime"
  dependencies:
    "@types/node": 12.x
    typescript: 4.4.x
  languageName: unknown
  linkType: soft

"@types/node@npm:12.x":
  version: 12.20.36
  resolution: "@types/node@npm:12.20.36"
  checksum: 096748b23e70f6a60ea3f93e4abc7b52b93977270ae48bb793b73a6ab3d4ef2a03294f73e86213a957255f50ce29ebaf39ffdf30a2e068662a18416ba3942656
  languageName: node
  linkType: hard

"monorepo@workspace:.":
  version: 0.0.0-use.local
  resolution: "monorepo@workspace:."
  languageName: unknown
  linkType: soft

"typescript@npm:4.4.x":
  version: 4.4.4
  resolution: "typescript@npm:4.4.4"
  bin:
    tsc: bin/tsc
    tsserver: bin/tsserver
  checksum: 89ecb8436bb48ef5594d49289f5f89103071716b6e4844278f4fb3362856e31203e187a9c76d205c3f0b674d221a058fd28310dbcbcf5d95e9a57229bb5203f1
  languageName: node
  linkType: hard

"typescript@patch:typescript@4.4.x#~builtin<compat/typescript>":
  version: 4.4.4
  resolution: "typescript@patch:typescript@npm%3A4.4.4#~builtin<compat/typescript>::version=4.4.4&hash=ddd1e8"
  bin:
    tsc: bin/tsc
    tsserver: bin/tsserver
  checksum: bd629ad0da4a15d79aaad56baf3ee7d96f6a181760d430ae77f8c5325df7bffd9edee57544a3970e3651e8b796fe03a5838a7eb39c6d46cc3866c0b23d36a0dd
  languageName: node
  linkType: hard
